
Microsoft Visual Studio Solution File, Format Version 12.00
# Visual Studio Version 16
VisualStudioVersion = 16.0.32602.291
MinimumVisualStudioVersion = 10.0.40219.1
Project("{FAE04EC0-301F-11D3-BF4B-00C04F79EFBC}") = "zad 1", "zad 1\zad 1.csproj", "{5E65C095-4EB7-4D88-8D59-A5D372562419}"
EndProject
Project("{FAE04EC0-301F-11D3-BF4B-00C04F79EFBC}") = "zad 2", "zad 2\zad 2.csproj", "{157D0B7F-2DA3-4092-B2C9-C71AEDE2C623}"
EndProject
Project("{FAE04EC0-301F-11D3-BF4B-00C04F79EFBC}") = "zad 3", "zad 3\zad 3.csproj", "{30AE70A4-BDC4-4632-97A2-0361E703687A}"
EndProject
Global
	GlobalSection(SolutionConfigurationPlatforms) = preSolution
		Debug|Any CPU = Debug|Any CPU
		Release|Any CPU = Release|Any CPU
	EndGlobalSection
	GlobalSection(ProjectConfigurationPlatforms) = postSolution
		{5E65C095-4EB7-4D88-8D59-A5D372562419}.Debug|Any CPU.ActiveCfg = Debug|Any CPU
		{5E65C095-4EB7-4D88-8D59-A5D372562419}.Debug|Any CPU.Build.0 = Debug|Any CPU
		{5E65C095-4EB7-4D88-8D59-A5D372562419}.Release|Any CPU.ActiveCfg = Release|Any CPU
		{5E65C095-4EB7-4D88-8D59-A5D372562419}.Release|Any CPU.Build.0 = Release|Any CPU
		{157D0B7F-2DA3-4092-B2C9-C71AEDE2C623}.Debug|Any CPU.ActiveCfg = Debug|Any CPU
		{157D0B7F-2DA3-4092-B2C9-C71AEDE2C623}.Debug|Any CPU.Build.0 = Debug|Any CPU
		{157D0B7F-2DA3-4092-B2C9-C71AEDE2C623}.Release|Any CPU.ActiveCfg = Release|Any CPU
		{157D0B7F-2DA3-4092-B2C9-C71AEDE2C623}.Release|Any CPU.Build.0 = Release|Any CPU
		{30AE70A4-BDC4-4632-97A2-0361E703687A}.Debug|Any CPU.ActiveCfg = Debug|Any CPU
		{30AE70A4-BDC4-4632-97A2-0361E703687A}.Debug|Any CPU.Build.0 = Debug|Any CPU
		{30AE70A4-BDC4-4632-97A2-0361E703687A}.Release|Any CPU.ActiveCfg = Release|Any CPU
		{30AE70A4-BDC4-4632-97A2-0361E703687A}.Release|Any CPU.Build.0 = Release|Any CPU
	EndGlobalSection
	GlobalSection(SolutionProperties) = preSolution
		HideSolutionNode = FALSE
	EndGlobalSection
	GlobalSection(ExtensibilityGlobals) = postSolution
		SolutionGuid = {F8A8A7B0-EBFD-4009-947E-2091C4F07383}
	EndGlobalSection
EndGlobal
